# THIS IS AN AUTOGENERATED FILE. DO NOT EDIT THIS FILE DIRECTLY.
# yarn lockfile v1


"serverless-single-page-app-plugin@git://github.com/commerceblock/serverless-single-page-app-plugin.git#5140a247b4eb7a292720243190d341e372eb9c7c":
  version "1.0.0"
  resolved "git://github.com/commerceblock/serverless-single-page-app-plugin.git#5140a247b4eb7a292720243190d341e372eb9c7c"
